
Microsoft Visual Studio Solution File, Format Version 12.00
# Visual Studio Version 16
VisualStudioVersion = 16.0.30002.166
MinimumVisualStudioVersion = 10.0.40219.1
Project("{FAE04EC0-301F-11D3-BF4B-00C04F79EFBC}") = "BayanihanCargo", "BayanihanCargo\BayanihanCargo.csproj", "{43F3460A-148F-4874-AA9E-98B87420ADEA}"
EndProject
Global
	GlobalSection(SolutionConfigurationPlatforms) = preSolution
		Debug|Any CPU = Debug|Any CPU
		Release|Any CPU = Release|Any CPU
	EndGlobalSection
	GlobalSection(ProjectConfigurationPlatforms) = postSolution
		{43F3460A-148F-4874-AA9E-98B87420ADEA}.Debug|Any CPU.ActiveCfg = Debug|Any CPU
		{43F3460A-148F-4874-AA9E-98B87420ADEA}.Debug|Any CPU.Build.0 = Debug|Any CPU
		{43F3460A-148F-4874-AA9E-98B87420ADEA}.Release|Any CPU.ActiveCfg = Release|Any CPU
		{43F3460A-148F-4874-AA9E-98B87420ADEA}.Release|Any CPU.Build.0 = Release|Any CPU
	EndGlobalSection
	GlobalSection(SolutionProperties) = preSolution
		HideSolutionNode = FALSE
	EndGlobalSection
	GlobalSection(ExtensibilityGlobals) = postSolution
		SolutionGuid = {ACD8EDD1-CA65-49FA-8BBF-3B1798DBD0D5}
	EndGlobalSection
EndGlobal
